// !$*UTF8*$!
{
	archiveVersion = 1;
	classes = {
	};
	objectVersion = 56;
	objects = {

/* Begin PBXBuildFile section */
		A1000001 /* EDLToolApp.swift in Sources */ = {isa = PBXBuildFile; fileRef = B1000001; };
		A1000002 /* ContentView.swift in Sources */ = {isa = PBXBuildFile; fileRef = B1000002; };
		A1000003 /* USBDevice.swift in Sources */ = {isa = PBXBuildFile; fileRef = B1000003; };
		A1000004 /* USBMonitor.swift in Sources */ = {isa = PBXBuildFile; fileRef = B1000004; };
		A1000005 /* EDLService.swift in Sources */ = {isa = PBXBuildFile; fileRef = B1000005; };
		A1000006 /* DeviceViewModel.swift in Sources */ = {isa = PBXBuildFile; fileRef = B1000006; };
		A1000007 /* FlashViewModel.swift in Sources */ = {isa = PBXBuildFile; fileRef = B1000007; };
		A1000008 /* PartitionListView.swift in Sources */ = {isa = PBXBuildFile; fileRef = B1000008; };
		A1000009 /* BootLoaderView.swift in Sources */ = {isa = PBXBuildFile; fileRef = B1000009; };
		A1000010 /* XMLFlashView.swift in Sources */ = {isa = PBXBuildFile; fileRef = B1000010; };
		A1000011 /* Extensions.swift in Sources */ = {isa = PBXBuildFile; fileRef = B1000011; };
		A1000012 /* Logger.swift in Sources */ = {isa = PBXBuildFile; fileRef = B1000012; };
		A1000013 /* PartitionManager.swift in Sources */ = {isa = PBXBuildFile; fileRef = B1000013; };
		A1000014 /* Assets.xcassets in Resources */ = {isa = PBXBuildFile; fileRef = B1000014; };
		A1000015 /* libusb-1.0.0.dylib in Frameworks */ = {isa = PBXBuildFile; fileRef = B1000020; };
		A1000016 /* edl in Resources */ = {isa = PBXBuildFile; fileRef = B1000021; };
		A1000017 /* oplus-9008 in Resources */ = {isa = PBXBuildFile; fileRef = B1000023; };
		A1000018 /* UpdateService.swift in Sources */ = {isa = PBXBuildFile; fileRef = B1000024; };
		A1000019 /* AnnouncementService.swift in Sources */ = {isa = PBXBuildFile; fileRef = B1000025; };
		A1000020 /* UpdateView.swift in Sources */ = {isa = PBXBuildFile; fileRef = B1000026; };
		A1000021 /* AnnouncementView.swift in Sources */ = {isa = PBXBuildFile; fileRef = B1000027; };
/* End PBXBuildFile section */

/* Begin PBXFileReference section */
		B1000001 /* EDLToolApp.swift */ = {isa = PBXFileReference; lastKnownFileType = sourcecode.swift; path = EDLToolApp.swift; sourceTree = "<group>"; };
		B1000002 /* ContentView.swift */ = {isa = PBXFileReference; lastKnownFileType = sourcecode.swift; path = ContentView.swift; sourceTree = "<group>"; };
		B1000003 /* USBDevice.swift */ = {isa = PBXFileReference; lastKnownFileType = sourcecode.swift; path = USBDevice.swift; sourceTree = "<group>"; };
		B1000004 /* USBMonitor.swift */ = {isa = PBXFileReference; lastKnownFileType = sourcecode.swift; path = USBMonitor.swift; sourceTree = "<group>"; };
		B1000005 /* EDLService.swift */ = {isa = PBXFileReference; lastKnownFileType = sourcecode.swift; path = EDLService.swift; sourceTree = "<group>"; };
		B1000006 /* DeviceViewModel.swift */ = {isa = PBXFileReference; lastKnownFileType = sourcecode.swift; path = DeviceViewModel.swift; sourceTree = "<group>"; };
		B1000007 /* FlashViewModel.swift */ = {isa = PBXFileReference; lastKnownFileType = sourcecode.swift; path = FlashViewModel.swift; sourceTree = "<group>"; };
		B1000008 /* PartitionListView.swift */ = {isa = PBXFileReference; lastKnownFileType = sourcecode.swift; path = PartitionListView.swift; sourceTree = "<group>"; };
		B1000009 /* BootLoaderView.swift */ = {isa = PBXFileReference; lastKnownFileType = sourcecode.swift; path = BootLoaderView.swift; sourceTree = "<group>"; };
		B1000010 /* XMLFlashView.swift */ = {isa = PBXFileReference; lastKnownFileType = sourcecode.swift; path = XMLFlashView.swift; sourceTree = "<group>"; };
		B1000011 /* Extensions.swift */ = {isa = PBXFileReference; lastKnownFileType = sourcecode.swift; path = Extensions.swift; sourceTree = "<group>"; };
		B1000012 /* Logger.swift */ = {isa = PBXFileReference; lastKnownFileType = sourcecode.swift; path = Logger.swift; sourceTree = "<group>"; };
		B1000013 /* PartitionManager.swift */ = {isa = PBXFileReference; lastKnownFileType = sourcecode.swift; path = PartitionManager.swift; sourceTree = "<group>"; };
		B1000014 /* Assets.xcassets */ = {isa = PBXFileReference; lastKnownFileType = folder.assetcatalog; path = Assets.xcassets; sourceTree = "<group>"; };
		B1000015 /* Info.plist */ = {isa = PBXFileReference; lastKnownFileType = text.plist.xml; path = Info.plist; sourceTree = "<group>"; };
		B1000020 /* libusb-1.0.0.dylib */ = {isa = PBXFileReference; lastKnownFileType = "compiled.mach-o.dylib"; path = libusb-1.0.0.dylib; sourceTree = "<group>"; };
		B1000021 /* edl_bin */ = {isa = PBXFileReference; lastKnownFileType = "compiled.mach-o.executable"; path = edl_bin; sourceTree = "<group>"; };
		B1000022 /* bootloaders */ = {isa = PBXFileReference; lastKnownFileType = folder; path = bootloaders; sourceTree = "<group>"; };
		B1000023 /* oplus-9008 */ = {isa = PBXFileReference; lastKnownFileType = folder; path = oplus-9008; sourceTree = "<group>"; };
		B1000024 /* UpdateService.swift */ = {isa = PBXFileReference; lastKnownFileType = sourcecode.swift; path = UpdateService.swift; sourceTree = "<group>"; };
		B1000025 /* AnnouncementService.swift */ = {isa = PBXFileReference; lastKnownFileType = sourcecode.swift; path = AnnouncementService.swift; sourceTree = "<group>"; };
		B1000026 /* UpdateView.swift */ = {isa = PBXFileReference; lastKnownFileType = sourcecode.swift; path = UpdateView.swift; sourceTree = "<group>"; };
		B1000027 /* AnnouncementView.swift */ = {isa = PBXFileReference; lastKnownFileType = sourcecode.swift; path = AnnouncementView.swift; sourceTree = "<group>"; };
		C1000001 /* EDLTool.app */ = {isa = PBXFileReference; explicitFileType = wrapper.application; includeInIndex = 0; path = EDLTool.app; sourceTree = BUILT_PRODUCTS_DIR; };
/* End PBXFileReference section */

/* Begin PBXFrameworksBuildPhase section */
		D1000001 /* Frameworks */ = {
			isa = PBXFrameworksBuildPhase;
			buildActionMask = 2147483647;
			files = (
				A1000015 /* libusb-1.0.0.dylib in Frameworks */,
			);
			runOnlyForDeploymentPostprocessing = 0;
		};
/* End PBXFrameworksBuildPhase section */

/* Begin PBXGroup section */
		E1000001 = {
			isa = PBXGroup;
			children = (
				E1000002 /* EDLTool */,
				E1000010 /* Resources */,
				E1000013 /* Frameworks */,
				E1000003 /* Products */,
			);
			sourceTree = "<group>";
		};
		E1000002 /* EDLTool */ = {
			isa = PBXGroup;
			children = (
				B1000001 /* EDLToolApp.swift */,
				B1000002 /* ContentView.swift */,
				B1000015 /* Info.plist */,
				E1000004 /* Models */,
				E1000005 /* ViewModels */,
				E1000006 /* Views */,
				E1000007 /* Services */,
				E1000008 /* Utils */,
				B1000014 /* Assets.xcassets */,
			);
			path = EDLTool;
			sourceTree = "<group>";
		};
		E1000003 /* Products */ = {
			isa = PBXGroup;
			children = (
				C1000001 /* EDLTool.app */,
			);
			name = Products;
			sourceTree = "<group>";
		};
		E1000004 /* Models */ = {
			isa = PBXGroup;
			children = (
				B1000003 /* USBDevice.swift */,
			);
			path = Models;
			sourceTree = "<group>";
		};
		E1000005 /* ViewModels */ = {
			isa = PBXGroup;
			children = (
				B1000006 /* DeviceViewModel.swift */,
				B1000007 /* FlashViewModel.swift */,
			);
			path = ViewModels;
			sourceTree = "<group>";
		};
		E1000006 /* Views */ = {
			isa = PBXGroup;
			children = (
				B1000008 /* PartitionListView.swift */,
				B1000009 /* BootLoaderView.swift */,
				B1000010 /* XMLFlashView.swift */,
				B1000026 /* UpdateView.swift */,
				B1000027 /* AnnouncementView.swift */,
			);
			path = Views;
			sourceTree = "<group>";
		};
		E1000007 /* Services */ = {
			isa = PBXGroup;
			children = (
				B1000004 /* USBMonitor.swift */,
				B1000005 /* EDLService.swift */,
				B1000013 /* PartitionManager.swift */,
				B1000024 /* UpdateService.swift */,
				B1000025 /* AnnouncementService.swift */,
			);
			path = Services;
			sourceTree = "<group>";
		};
		E1000008 /* Utils */ = {
			isa = PBXGroup;
			children = (
				B1000011 /* Extensions.swift */,
				B1000012 /* Logger.swift */,
			);
			path = Utils;
			sourceTree = "<group>";
		};
		E1000010 /* Resources */ = {
			isa = PBXGroup;
			children = (
				B1000021 /* edl_bin */,
				E1000012 /* bootloaders */,
				B1000023 /* oplus-9008 */,
			);
			path = Resources;
			sourceTree = "<group>";
		};
		E1000012 /* bootloaders */ = {
			isa = PBXGroup;
			children = (
			);
			path = bootloaders;
			sourceTree = "<group>";
		};
		E1000013 /* Frameworks */ = {
			isa = PBXGroup;
			children = (
				B1000020 /* libusb-1.0.0.dylib */,
			);
			path = Frameworks;
			sourceTree = "<group>";
		};
/* End PBXGroup section */

/* Begin PBXNativeTarget section */
		F1000001 /* EDLTool */ = {
			isa = PBXNativeTarget;
			buildConfigurationList = G1000001 /* Build configuration list for PBXNativeTarget "EDLTool" */;
			buildPhases = (
				H1000001 /* Sources */,
				D1000001 /* Frameworks */,
				H1000002 /* Resources */,
				H1000003 /* Copy Frameworks */,
			);
			buildRules = (
			);
			dependencies = (
			);
			name = EDLTool;
			productName = EDLTool;
			productReference = C1000001 /* EDLTool.app */;
			productType = "com.apple.product-type.application";
		};
/* End PBXNativeTarget section */

/* Begin PBXProject section */
		I1000001 /* Project object */ = {
			isa = PBXProject;
			attributes = {
				BuildIndependentTargetsInParallel = 1;
				LastSwiftUpdateCheck = 1500;
				LastUpgradeCheck = 1500;
				TargetAttributes = {
					F1000001 = {
						CreatedOnToolsVersion = 15.0;
					};
				};
			};
			buildConfigurationList = G1000002 /* Build configuration list for PBXProject "EDLTool" */;
			compatibilityVersion = "Xcode 14.0";
			developmentRegion = zh-Hans;
			hasScannedForEncodings = 0;
			knownRegions = (
				zh-Hans,
				en,
				Base,
			);
			mainGroup = E1000001;
			productRefGroup = E1000003 /* Products */;
			projectDirPath = "";
			projectRoot = "";
			targets = (
				F1000001 /* EDLTool */,
			);
		};
/* End PBXProject section */

/* Begin PBXResourcesBuildPhase section */
		H1000002 /* Resources */ = {
			isa = PBXResourcesBuildPhase;
			buildActionMask = 2147483647;
			files = (
				A1000014 /* Assets.xcassets in Resources */,
				A1000016 /* edl in Resources */,
				A1000017 /* oplus-9008 in Resources */,
			);
			runOnlyForDeploymentPostprocessing = 0;
		};
/* End PBXResourcesBuildPhase section */

/* Begin PBXCopyFilesBuildPhase section */
		H1000003 /* Copy Frameworks */ = {
			isa = PBXCopyFilesBuildPhase;
			buildActionMask = 2147483647;
			dstPath = "";
			dstSubfolderSpec = 10;
			files = (
				A1000015 /* libusb-1.0.0.dylib in Copy Frameworks */,
			);
			name = "Copy Frameworks";
			runOnlyForDeploymentPostprocessing = 0;
		};
/* End PBXCopyFilesBuildPhase section */

/* Begin PBXSourcesBuildPhase section */
		H1000001 /* Sources */ = {
			isa = PBXSourcesBuildPhase;
			buildActionMask = 2147483647;
			files = (
				A1000001 /* EDLToolApp.swift in Sources */,
				A1000002 /* ContentView.swift in Sources */,
				A1000003 /* USBDevice.swift in Sources */,
				A1000004 /* USBMonitor.swift in Sources */,
				A1000005 /* EDLService.swift in Sources */,
				A1000006 /* DeviceViewModel.swift in Sources */,
				A1000007 /* FlashViewModel.swift in Sources */,
				A1000008 /* PartitionListView.swift in Sources */,
				A1000009 /* BootLoaderView.swift in Sources */,
				A1000010 /* XMLFlashView.swift in Sources */,
				A1000011 /* Extensions.swift in Sources */,
				A1000012 /* Logger.swift in Sources */,
				A1000013 /* PartitionManager.swift in Sources */,
				A1000018 /* UpdateService.swift in Sources */,
				A1000019 /* AnnouncementService.swift in Sources */,
				A1000020 /* UpdateView.swift in Sources */,
				A1000021 /* AnnouncementView.swift in Sources */,
			);
			runOnlyForDeploymentPostprocessing = 0;
		};
/* End PBXSourcesBuildPhase section */

/* Begin XCBuildConfiguration section */
		J1000001 /* Debug */ = {
			isa = XCBuildConfiguration;
			buildSettings = {
				ALWAYS_SEARCH_USER_PATHS = NO;
				ASSETCATALOG_COMPILER_GENERATE_SWIFT_ASSET_SYMBOL_EXTENSIONS = YES;
				CLANG_ANALYZER_NONNULL = YES;
				CLANG_ANALYZER_NUMBER_OBJECT_CONVERSION = YES_AGGRESSIVE;
				CLANG_CXX_LANGUAGE_STANDARD = "gnu++20";
				CLANG_ENABLE_MODULES = YES;
				CLANG_ENABLE_OBJC_ARC = YES;
				CLANG_ENABLE_OBJC_WEAK = YES;
				CLANG_WARN_BLOCK_CAPTURE_AUTORELEASING = YES;
				CLANG_WARN_BOOL_CONVERSION = YES;
				CLANG_WARN_COMMA = YES;
				CLANG_WARN_CONSTANT_CONVERSION = YES;
				CLANG_WARN_DEPRECATED_OBJC_IMPLEMENTATIONS = YES;
				CLANG_WARN_DIRECT_OBJC_ISA_USAGE = YES_ERROR;
				CLANG_WARN_DOCUMENTATION_COMMENTS = YES;
				CLANG_WARN_EMPTY_BODY = YES;
				CLANG_WARN_ENUM_CONVERSION = YES;
				CLANG_WARN_INFINITE_RECURSION = YES;
				CLANG_WARN_INT_CONVERSION = YES;
				CLANG_WARN_NON_LITERAL_NULL_CONVERSION = YES;
				CLANG_WARN_OBJC_IMPLICIT_RETAIN_SELF = YES;
				CLANG_WARN_OBJC_LITERAL_CONVERSION = YES;
				CLANG_WARN_OBJC_ROOT_CLASS = YES_ERROR;
				CLANG_WARN_QUOTED_INCLUDE_IN_FRAMEWORK_HEADER = YES;
				CLANG_WARN_RANGE_LOOP_ANALYSIS = YES;
				CLANG_WARN_STRICT_PROTOTYPES = YES;
				CLANG_WARN_SUSPICIOUS_MOVE = YES;
				CLANG_WARN_UNGUARDED_AVAILABILITY = YES_AGGRESSIVE;
				CLANG_WARN_UNREACHABLE_CODE = YES;
				CLANG_WARN__DUPLICATE_METHOD_MATCH = YES;
				COPY_PHASE_STRIP = NO;
				DEBUG_INFORMATION_FORMAT = dwarf;
				ENABLE_STRICT_OBJC_MSGSEND = YES;
				ENABLE_TESTABILITY = YES;
				ENABLE_USER_SCRIPT_SANDBOXING = YES;
				GCC_C_LANGUAGE_STANDARD = gnu17;
				GCC_DYNAMIC_NO_PIC = NO;
				GCC_NO_COMMON_BLOCKS = YES;
				GCC_OPTIMIZATION_LEVEL = 0;
				GCC_PREPROCESSOR_DEFINITIONS = (
					"DEBUG=1",
					"$(inherited)",
				);
				GCC_WARN_64_TO_32_BIT_CONVERSION = YES;
				GCC_WARN_ABOUT_RETURN_TYPE = YES_ERROR;
				GCC_WARN_UNDECLARED_SELECTOR = YES;
				GCC_WARN_UNINITIALIZED_AUTOS = YES_AGGRESSIVE;
				GCC_WARN_UNUSED_FUNCTION = YES;
				GCC_WARN_UNUSED_VARIABLE = YES;
				LOCALIZATION_PREFERS_STRING_CATALOGS = YES;
				MACOSX_DEPLOYMENT_TARGET = 13.0;
				MTL_ENABLE_DEBUG_INFO = INCLUDE_SOURCE;
				MTL_FAST_MATH = YES;
				ONLY_ACTIVE_ARCH = YES;
				SDKROOT = macosx;
				SWIFT_ACTIVE_COMPILATION_CONDITIONS = "DEBUG $(inherited)";
				SWIFT_OPTIMIZATION_LEVEL = "-Onone";
			};
			name = Debug;
		};
		J1000002 /* Release */ = {
			isa = XCBuildConfiguration;
			buildSettings = {
				ALWAYS_SEARCH_USER_PATHS = NO;
				ASSETCATALOG_COMPILER_GENERATE_SWIFT_ASSET_SYMBOL_EXTENSIONS = YES;
				CLANG_ANALYZER_NONNULL = YES;
				CLANG_ANALYZER_NUMBER_OBJECT_CONVERSION = YES_AGGRESSIVE;
				CLANG_CXX_LANGUAGE_STANDARD = "gnu++20";
				CLANG_ENABLE_MODULES = YES;
				CLANG_ENABLE_OBJC_ARC = YES;
				CLANG_ENABLE_OBJC_WEAK = YES;
				CLANG_WARN_BLOCK_CAPTURE_AUTORELEASING = YES;
				CLANG_WARN_BOOL_CONVERSION = YES;
				CLANG_WARN_COMMA = YES;
				CLANG_WARN_CONSTANT_CONVERSION = YES;
				CLANG_WARN_DEPRECATED_OBJC_IMPLEMENTATIONS = YES;
				CLANG_WARN_DIRECT_OBJC_ISA_USAGE = YES_ERROR;
				CLANG_WARN_DOCUMENTATION_COMMENTS = YES;
				CLANG_WARN_EMPTY_BODY = YES;
				CLANG_WARN_ENUM_CONVERSION = YES;
				CLANG_WARN_INFINITE_RECURSION = YES;
				CLANG_WARN_INT_CONVERSION = YES;
				CLANG_WARN_NON_LITERAL_NULL_CONVERSION = YES;
				CLANG_WARN_OBJC_IMPLICIT_RETAIN_SELF = YES;
				CLANG_WARN_OBJC_LITERAL_CONVERSION = YES;
				CLANG_WARN_OBJC_ROOT_CLASS = YES_ERROR;
				CLANG_WARN_QUOTED_INCLUDE_IN_FRAMEBOOK_HEADER = YES;
				CLANG_WARN_RANGE_LOOP_ANALYSIS = YES;
				CLANG_WARN_STRICT_PROTOTYPES = YES;
				CLANG_WARN_SUSPICIOUS_MOVE = YES;
				CLANG_WARN_UNGUARDED_AVAILABILITY = YES_AGGRESSIVE;
				CLANG_WARN_UNREACHABLE_CODE = YES;
				CLANG_WARN__DUPLICATE_METHOD_MATCH = YES;
				COPY_PHASE_STRIP = NO;
				DEBUG_INFORMATION_FORMAT = "dwarf-with-dsym";
				ENABLE_NS_ASSERTIONS = NO;
				ENABLE_STRICT_OBJC_MSGSEND = YES;
				ENABLE_USER_SCRIPT_SANDBOXING = YES;
				GCC_C_LANGUAGE_STANDARD = gnu17;
				GCC_NO_COMMON_BLOCKS = YES;
				GCC_WARN_64_TO_32_BIT_CONVERSION = YES;
				GCC_WARN_ABOUT_RETURN_TYPE = YES_ERROR;
				GCC_WARN_UNDECLARED_SELECTOR = YES;
				GCC_WARN_UNINITIALIZED_AUTOS = YES_AGGRESSIVE;
				GCC_WARN_UNUSED_FUNCTION = YES;
				GCC_WARN_UNUSED_VARIABLE = YES;
				LOCALIZATION_PREFERS_STRING_CATALOGS = YES;
				MACOSX_DEPLOYMENT_TARGET = 13.0;
				MTL_FAST_MATH = YES;
				SDKROOT = macosx;
				SWIFT_COMPILATION_MODE = wholemodule;
			};
			name = Release;
		};
		J1000003 /* Debug */ = {
			isa = XCBuildConfiguration;
			buildSettings = {
				ASSETCATALOG_COMPILER_APPICON_NAME = AppIcon;
				ASSETCATALOG_COMPILER_GLOBAL_ACCENT_COLOR_NAME = AccentColor;
				CODE_SIGN_STYLE = Automatic;
				COMBINE_HIDPI_IMAGES = YES;
				CURRENT_PROJECT_VERSION = 1;
				DEVELOPMENT_ASSET_PATHS = "";
				ENABLE_HARDENED_RUNTIME = NO;
				ENABLE_PREVIEWS = YES;
				GENERATE_INFOPLIST_FILE = YES;
				INFOPLIST_FILE = EDLTool/Info.plist;
				INFOPLIST_KEY_LSApplicationCategoryType = "public.app-category.utilities";
				INFOPLIST_KEY_LSMinimumSystemVersion = 13.0;
				INFOPLIST_KEY_NSHumanReadableCopyright = "";
				INFOPLIST_KEY_NSPrincipalClass = NSApplication;
				LD_RUNPATH_SEARCH_PATHS = (
					"$(inherited)",
					"@executable_path/../Frameworks",
				);
				LIBRARY_SEARCH_PATHS = (
					"$(inherited)",
					"$(SRCROOT)/Frameworks",
				);
				MARKETING_VERSION = 1.0;
				PRODUCT_BUNDLE_IDENTIFIER = com.edltool.app;
				PRODUCT_NAME = "$(TARGET_NAME)";
				SWIFT_EMIT_LOC_STRINGS = YES;
				SWIFT_VERSION = 5.0;
			};
			name = Debug;
		};
		J1000004 /* Release */ = {
			isa = XCBuildConfiguration;
			buildSettings = {
				ASSETCATALOG_COMPILER_APPICON_NAME = AppIcon;
				ASSETCATALOG_COMPILER_GLOBAL_ACCENT_COLOR_NAME = AccentColor;
				CODE_SIGN_STYLE = Automatic;
				COMBINE_HIDPI_IMAGES = YES;
				CURRENT_PROJECT_VERSION = 1;
				DEVELOPMENT_ASSET_PATHS = "";
				ENABLE_HARDENED_RUNTIME = NO;
				ENABLE_PREVIEWS = YES;
				GENERATE_INFOPLIST_FILE = YES;
				INFOPLIST_FILE = EDLTool/Info.plist;
				INFOPLIST_KEY_LSApplicationCategoryType = "public.app-category.utilities";
				INFOPLIST_KEY_LSMinimumSystemVersion = 13.0;
				INFOPLIST_KEY_NSHumanReadableCopyright = "";
				INFOPLIST_KEY_NSPrincipalClass = NSApplication;
				LD_RUNPATH_SEARCH_PATHS = (
					"$(inherited)",
					"@executable_path/../Frameworks",
				);
				LIBRARY_SEARCH_PATHS = (
					"$(inherited)",
					"$(SRCROOT)/Frameworks",
				);
				MARKETING_VERSION = 1.0;
				PRODUCT_BUNDLE_IDENTIFIER = com.edltool.app;
				PRODUCT_NAME = "$(TARGET_NAME)";
				SWIFT_EMIT_LOC_STRINGS = YES;
				SWIFT_VERSION = 5.0;
			};
			name = Release;
		};
/* End XCBuildConfiguration section */

/* Begin XCConfigurationList section */
		G1000001 /* Build configuration list for PBXNativeTarget "EDLTool" */ = {
			isa = XCConfigurationList;
			buildConfigurations = (
				J1000003 /* Debug */,
				J1000004 /* Release */,
			);
			defaultConfigurationIsVisible = 0;
			defaultConfigurationName = Release;
		};
		G1000002 /* Build configuration list for PBXProject "EDLTool" */ = {
			isa = XCConfigurationList;
			buildConfigurations = (
				J1000001 /* Debug */,
				J1000002 /* Release */,
			);
			defaultConfigurationIsVisible = 0;
			defaultConfigurationName = Release;
		};
/* End XCConfigurationList section */
	};
	rootObject = I1000001 /* Project object */;
}